
Microsoft Visual Studio Solution File, Format Version 12.00
# Visual Studio 15
VisualStudioVersion = 15.0.28307.902
MinimumVisualStudioVersion = 10.0.40219.1
Project("{FAE04EC0-301F-11D3-BF4B-00C04F79EFBC}") = "CleanCode", "CleanCode\CleanCode.csproj", "{A0E97B05-CB23-471D-AE30-C125F47D6F7F}"
EndProject
Project("{FAE04EC0-301F-11D3-BF4B-00C04F79EFBC}") = "CleanCode.Tests", "CleanCode.Tests\CleanCode.Tests.csproj", "{44DCD849-9426-4449-9AB0-35B0A31DADB0}"
EndProject
Project("{FAE04EC0-301F-11D3-BF4B-00C04F79EFBC}") = "ConsoleApp", "ConsoleApp\ConsoleApp.csproj", "{8543EA76-BB88-4C5C-98DB-E3B836EBA96A}"
EndProject
Global
	GlobalSection(SolutionConfigurationPlatforms) = preSolution
		Debug|Any CPU = Debug|Any CPU
		Release|Any CPU = Release|Any CPU
	EndGlobalSection
	GlobalSection(ProjectConfigurationPlatforms) = postSolution
		{A0E97B05-CB23-471D-AE30-C125F47D6F7F}.Debug|Any CPU.ActiveCfg = Debug|Any CPU
		{A0E97B05-CB23-471D-AE30-C125F47D6F7F}.Debug|Any CPU.Build.0 = Debug|Any CPU
		{A0E97B05-CB23-471D-AE30-C125F47D6F7F}.Release|Any CPU.ActiveCfg = Release|Any CPU
		{A0E97B05-CB23-471D-AE30-C125F47D6F7F}.Release|Any CPU.Build.0 = Release|Any CPU
		{44DCD849-9426-4449-9AB0-35B0A31DADB0}.Debug|Any CPU.ActiveCfg = Debug|Any CPU
		{44DCD849-9426-4449-9AB0-35B0A31DADB0}.Debug|Any CPU.Build.0 = Debug|Any CPU
		{44DCD849-9426-4449-9AB0-35B0A31DADB0}.Release|Any CPU.ActiveCfg = Release|Any CPU
		{44DCD849-9426-4449-9AB0-35B0A31DADB0}.Release|Any CPU.Build.0 = Release|Any CPU
		{8543EA76-BB88-4C5C-98DB-E3B836EBA96A}.Debug|Any CPU.ActiveCfg = Debug|Any CPU
		{8543EA76-BB88-4C5C-98DB-E3B836EBA96A}.Debug|Any CPU.Build.0 = Debug|Any CPU
		{8543EA76-BB88-4C5C-98DB-E3B836EBA96A}.Release|Any CPU.ActiveCfg = Release|Any CPU
		{8543EA76-BB88-4C5C-98DB-E3B836EBA96A}.Release|Any CPU.Build.0 = Release|Any CPU
	EndGlobalSection
	GlobalSection(SolutionProperties) = preSolution
		HideSolutionNode = FALSE
	EndGlobalSection
	GlobalSection(ExtensibilityGlobals) = postSolution
		SolutionGuid = {7B4CB7FD-6152-4F4A-AC4B-365889396E05}
	EndGlobalSection
EndGlobal
